<Solution>
  <Project Path="Assembly-CSharp.csproj" />
  <Project Path="JimmysUnityUtilities.csproj" />
  <Project Path="FancyTextRendering.csproj" />
  <Project Path="Tayx.Graphy.Editor.csproj" />
  <Project Path="Assembly-CSharp-Editor.csproj" />
  <Project Path="Tayx.Graphy.csproj" />
  <Project Path="FancyTextRendering.Demo.csproj" />
</Solution>
